
Microsoft Visual Studio Solution File, Format Version 12.00
# Visual Studio Version 17
VisualStudioVersion = 17.0.31912.275
MinimumVisualStudioVersion = 10.0.40219.1
Project("{8BC9CEB8-8B4A-11D0-8D11-00A0C91BC942}") = "DX11_exp", "DX11_exp\DX11_exp.vcxproj", "{5DEC0919-5D68-4691-AA4A-AB17FC521F41}"
EndProject
Global
	GlobalSection(SolutionConfigurationPlatforms) = preSolution
		Debug|x64 = Debug|x64
		Debug|x86 = Debug|x86
		Release|x64 = Release|x64
		Release|x86 = Release|x86
	EndGlobalSection
	GlobalSection(ProjectConfigurationPlatforms) = postSolution
		{5DEC0919-5D68-4691-AA4A-AB17FC521F41}.Debug|x64.ActiveCfg = Debug|x64
		{5DEC0919-5D68-4691-AA4A-AB17FC521F41}.Debug|x64.Build.0 = Debug|x64
		{5DEC0919-5D68-4691-AA4A-AB17FC521F41}.Debug|x86.ActiveCfg = Debug|Win32
		{5DEC0919-5D68-4691-AA4A-AB17FC521F41}.Debug|x86.Build.0 = Debug|Win32
		{5DEC0919-5D68-4691-AA4A-AB17FC521F41}.Release|x64.ActiveCfg = Release|x64
		{5DEC0919-5D68-4691-AA4A-AB17FC521F41}.Release|x64.Build.0 = Release|x64
		{5DEC0919-5D68-4691-AA4A-AB17FC521F41}.Release|x86.ActiveCfg = Release|Win32
		{5DEC0919-5D68-4691-AA4A-AB17FC521F41}.Release|x86.Build.0 = Release|Win32
	EndGlobalSection
	GlobalSection(SolutionProperties) = preSolution
		HideSolutionNode = FALSE
	EndGlobalSection
	GlobalSection(ExtensibilityGlobals) = postSolution
		SolutionGuid = {B30D93A0-E514-46BC-99EA-D83EE987604B}
	EndGlobalSection
EndGlobal
